
Microsoft Visual Studio Solution File, Format Version 12.00
# Visual Studio Version 17
VisualStudioVersion = 17.1.32319.34
MinimumVisualStudioVersion = 10.0.40219.1
Project("{FAE04EC0-301F-11D3-BF4B-00C04F79EFBC}") = "WebsiteChoThueXe", "WebsiteChoThueXe\WebsiteChoThueXe.csproj", "{3F008AA1-A4E5-4559-8636-44F614E7BDCA}"
EndProject
Global
	GlobalSection(SolutionConfigurationPlatforms) = preSolution
		Debug|Any CPU = Debug|Any CPU
		Release|Any CPU = Release|Any CPU
	EndGlobalSection
	GlobalSection(ProjectConfigurationPlatforms) = postSolution
		{3F008AA1-A4E5-4559-8636-44F614E7BDCA}.Debug|Any CPU.ActiveCfg = Debug|Any CPU
		{3F008AA1-A4E5-4559-8636-44F614E7BDCA}.Debug|Any CPU.Build.0 = Debug|Any CPU
		{3F008AA1-A4E5-4559-8636-44F614E7BDCA}.Release|Any CPU.ActiveCfg = Release|Any CPU
		{3F008AA1-A4E5-4559-8636-44F614E7BDCA}.Release|Any CPU.Build.0 = Release|Any CPU
	EndGlobalSection
	GlobalSection(SolutionProperties) = preSolution
		HideSolutionNode = FALSE
	EndGlobalSection
	GlobalSection(ExtensibilityGlobals) = postSolution
		SolutionGuid = {C1608A6F-5A7E-4894-8C51-A59DA91B76B7}
	EndGlobalSection
EndGlobal
